
Microsoft Visual Studio Solution File, Format Version 12.00
# Visual Studio 15
VisualStudioVersion = 15.0.27703.2026
MinimumVisualStudioVersion = 10.0.40219.1
Project("{9A19103F-16F7-4668-BE54-9A1E7A4F7556}") = "Orders", "Orders\Orders.csproj", "{92EC01D7-E251-48E0-AE82-FBF5F36F21E3}"
EndProject
Project("{FAE04EC0-301F-11D3-BF4B-00C04F79EFBC}") = "Orders.UnitTest", "Orders.UnitTest\Orders.UnitTest.csproj", "{7C6F94D7-98F0-497A-9515-10DFBA97C665}"
EndProject
Project("{FAE04EC0-301F-11D3-BF4B-00C04F79EFBC}") = "Orders.Domain", "Orders.Domain\Orders.Domain.csproj", "{454732AA-3DA0-42EB-9E20-EFF373D24E90}"
EndProject
Project("{FAE04EC0-301F-11D3-BF4B-00C04F79EFBC}") = "Orders.Repository", "Orders.Repository\Orders.Repository.csproj", "{9B5F5D7F-BD33-4E3E-A216-F7F1D67F59CC}"
EndProject
Project("{FAE04EC0-301F-11D3-BF4B-00C04F79EFBC}") = "Orders.Model", "Orders.Model\Orders.Model.csproj", "{25D8D006-B179-4E94-9F0A-991D84ADBAFD}"
EndProject
Project("{FAE04EC0-301F-11D3-BF4B-00C04F79EFBC}") = "Orders.API", "Orders.API\Orders.API.csproj", "{5D6089E1-4E08-494B-92B0-4F40A4DCFCEA}"
EndProject
Global
	GlobalSection(SolutionConfigurationPlatforms) = preSolution
		Debug|Any CPU = Debug|Any CPU
		Release|Any CPU = Release|Any CPU
	EndGlobalSection
	GlobalSection(ProjectConfigurationPlatforms) = postSolution
		{92EC01D7-E251-48E0-AE82-FBF5F36F21E3}.Debug|Any CPU.ActiveCfg = Debug|Any CPU
		{92EC01D7-E251-48E0-AE82-FBF5F36F21E3}.Debug|Any CPU.Build.0 = Debug|Any CPU
		{92EC01D7-E251-48E0-AE82-FBF5F36F21E3}.Release|Any CPU.ActiveCfg = Release|Any CPU
		{92EC01D7-E251-48E0-AE82-FBF5F36F21E3}.Release|Any CPU.Build.0 = Release|Any CPU
		{7C6F94D7-98F0-497A-9515-10DFBA97C665}.Debug|Any CPU.ActiveCfg = Debug|Any CPU
		{7C6F94D7-98F0-497A-9515-10DFBA97C665}.Debug|Any CPU.Build.0 = Debug|Any CPU
		{7C6F94D7-98F0-497A-9515-10DFBA97C665}.Release|Any CPU.ActiveCfg = Release|Any CPU
		{7C6F94D7-98F0-497A-9515-10DFBA97C665}.Release|Any CPU.Build.0 = Release|Any CPU
		{454732AA-3DA0-42EB-9E20-EFF373D24E90}.Debug|Any CPU.ActiveCfg = Debug|Any CPU
		{454732AA-3DA0-42EB-9E20-EFF373D24E90}.Debug|Any CPU.Build.0 = Debug|Any CPU
		{454732AA-3DA0-42EB-9E20-EFF373D24E90}.Release|Any CPU.ActiveCfg = Release|Any CPU
		{454732AA-3DA0-42EB-9E20-EFF373D24E90}.Release|Any CPU.Build.0 = Release|Any CPU
		{9B5F5D7F-BD33-4E3E-A216-F7F1D67F59CC}.Debug|Any CPU.ActiveCfg = Debug|Any CPU
		{9B5F5D7F-BD33-4E3E-A216-F7F1D67F59CC}.Debug|Any CPU.Build.0 = Debug|Any CPU
		{9B5F5D7F-BD33-4E3E-A216-F7F1D67F59CC}.Release|Any CPU.ActiveCfg = Release|Any CPU
		{9B5F5D7F-BD33-4E3E-A216-F7F1D67F59CC}.Release|Any CPU.Build.0 = Release|Any CPU
		{25D8D006-B179-4E94-9F0A-991D84ADBAFD}.Debug|Any CPU.ActiveCfg = Debug|Any CPU
		{25D8D006-B179-4E94-9F0A-991D84ADBAFD}.Debug|Any CPU.Build.0 = Debug|Any CPU
		{25D8D006-B179-4E94-9F0A-991D84ADBAFD}.Release|Any CPU.ActiveCfg = Release|Any CPU
		{25D8D006-B179-4E94-9F0A-991D84ADBAFD}.Release|Any CPU.Build.0 = Release|Any CPU
		{5D6089E1-4E08-494B-92B0-4F40A4DCFCEA}.Debug|Any CPU.ActiveCfg = Debug|Any CPU
		{5D6089E1-4E08-494B-92B0-4F40A4DCFCEA}.Debug|Any CPU.Build.0 = Debug|Any CPU
		{5D6089E1-4E08-494B-92B0-4F40A4DCFCEA}.Release|Any CPU.ActiveCfg = Release|Any CPU
		{5D6089E1-4E08-494B-92B0-4F40A4DCFCEA}.Release|Any CPU.Build.0 = Release|Any CPU
	EndGlobalSection
	GlobalSection(SolutionProperties) = preSolution
		HideSolutionNode = FALSE
	EndGlobalSection
	GlobalSection(ExtensibilityGlobals) = postSolution
		SolutionGuid = {D2312196-9D4F-456D-8DE5-572E0C787526}
	EndGlobalSection
EndGlobal
